
Microsoft Visual Studio Solution File, Format Version 12.00
# Visual Studio Version 16
VisualStudioVersion = 16.0.31005.135
MinimumVisualStudioVersion = 10.0.40219.1
Project("{8BC9CEB8-8B4A-11D0-8D11-00A0C91BC942}") = "BaseSDLimgui", "BaseSDLimgui\BaseSDLimgui.vcxproj", "{24619374-818D-43AC-B8FF-19206FE77839}"
EndProject
Global
	GlobalSection(SolutionConfigurationPlatforms) = preSolution
		Debug|x64 = Debug|x64
		Debug|x86 = Debug|x86
		Release|x64 = Release|x64
		Release|x86 = Release|x86
	EndGlobalSection
	GlobalSection(ProjectConfigurationPlatforms) = postSolution
		{24619374-818D-43AC-B8FF-19206FE77839}.Debug|x64.ActiveCfg = Debug|x64
		{24619374-818D-43AC-B8FF-19206FE77839}.Debug|x64.Build.0 = Debug|x64
		{24619374-818D-43AC-B8FF-19206FE77839}.Debug|x86.ActiveCfg = Debug|Win32
		{24619374-818D-43AC-B8FF-19206FE77839}.Debug|x86.Build.0 = Debug|Win32
		{24619374-818D-43AC-B8FF-19206FE77839}.Release|x64.ActiveCfg = Release|x64
		{24619374-818D-43AC-B8FF-19206FE77839}.Release|x64.Build.0 = Release|x64
		{24619374-818D-43AC-B8FF-19206FE77839}.Release|x86.ActiveCfg = Release|Win32
		{24619374-818D-43AC-B8FF-19206FE77839}.Release|x86.Build.0 = Release|Win32
	EndGlobalSection
	GlobalSection(SolutionProperties) = preSolution
		HideSolutionNode = FALSE
	EndGlobalSection
	GlobalSection(ExtensibilityGlobals) = postSolution
		SolutionGuid = {90C9CF30-C797-4502-B42B-08572CC73EE2}
	EndGlobalSection
EndGlobal
